
Microsoft Visual Studio Solution File, Format Version 12.00
# Visual Studio Version 17
VisualStudioVersion = 17.9.34728.123
MinimumVisualStudioVersion = 10.0.40219.1
Project("{FAE04EC0-301F-11D3-BF4B-00C04F79EFBC}") = "HandleTickets", "HandleTickets\HandleTickets.csproj", "{27936366-DB1E-4EB4-BB81-12B17AEDF3D2}"
EndProject
Project("{FAE04EC0-301F-11D3-BF4B-00C04F79EFBC}") = "Domain", "Domain\Domain.csproj", "{7F6E5D6C-C802-4863-81FA-0CC49F325834}"
EndProject
Project("{FAE04EC0-301F-11D3-BF4B-00C04F79EFBC}") = "Application", "Application\Application.csproj", "{6442547C-EC0E-4B7C-82E3-61B66973C55F}"
EndProject
Project("{FAE04EC0-301F-11D3-BF4B-00C04F79EFBC}") = "Infrastructure", "Infrastructure\Infrastructure.csproj", "{B78945B8-0DB9-423C-9049-AC1D53599DD5}"
EndProject
Global
	GlobalSection(SolutionConfigurationPlatforms) = preSolution
		Debug|Any CPU = Debug|Any CPU
		Release|Any CPU = Release|Any CPU
	EndGlobalSection
	GlobalSection(ProjectConfigurationPlatforms) = postSolution
		{27936366-DB1E-4EB4-BB81-12B17AEDF3D2}.Debug|Any CPU.ActiveCfg = Debug|Any CPU
		{27936366-DB1E-4EB4-BB81-12B17AEDF3D2}.Debug|Any CPU.Build.0 = Debug|Any CPU
		{27936366-DB1E-4EB4-BB81-12B17AEDF3D2}.Release|Any CPU.ActiveCfg = Release|Any CPU
		{27936366-DB1E-4EB4-BB81-12B17AEDF3D2}.Release|Any CPU.Build.0 = Release|Any CPU
		{7F6E5D6C-C802-4863-81FA-0CC49F325834}.Debug|Any CPU.ActiveCfg = Debug|Any CPU
		{7F6E5D6C-C802-4863-81FA-0CC49F325834}.Debug|Any CPU.Build.0 = Debug|Any CPU
		{7F6E5D6C-C802-4863-81FA-0CC49F325834}.Release|Any CPU.ActiveCfg = Release|Any CPU
		{7F6E5D6C-C802-4863-81FA-0CC49F325834}.Release|Any CPU.Build.0 = Release|Any CPU
		{6442547C-EC0E-4B7C-82E3-61B66973C55F}.Debug|Any CPU.ActiveCfg = Debug|Any CPU
		{6442547C-EC0E-4B7C-82E3-61B66973C55F}.Debug|Any CPU.Build.0 = Debug|Any CPU
		{6442547C-EC0E-4B7C-82E3-61B66973C55F}.Release|Any CPU.ActiveCfg = Release|Any CPU
		{6442547C-EC0E-4B7C-82E3-61B66973C55F}.Release|Any CPU.Build.0 = Release|Any CPU
		{B78945B8-0DB9-423C-9049-AC1D53599DD5}.Debug|Any CPU.ActiveCfg = Debug|Any CPU
		{B78945B8-0DB9-423C-9049-AC1D53599DD5}.Debug|Any CPU.Build.0 = Debug|Any CPU
		{B78945B8-0DB9-423C-9049-AC1D53599DD5}.Release|Any CPU.ActiveCfg = Release|Any CPU
		{B78945B8-0DB9-423C-9049-AC1D53599DD5}.Release|Any CPU.Build.0 = Release|Any CPU
	EndGlobalSection
	GlobalSection(SolutionProperties) = preSolution
		HideSolutionNode = FALSE
	EndGlobalSection
	GlobalSection(ExtensibilityGlobals) = postSolution
		SolutionGuid = {940EC75F-AF7C-451B-B462-B4EBC9912033}
	EndGlobalSection
EndGlobal
